lockfileVersion: '6.0'

settings:
  autoInstallPeers: true
  excludeLinksFromLockfile: false

dependencies:
  '@prisma/client':
    specifier: 5.9.1
    version: 5.9.1(prisma@5.9.1)

devDependencies:
  prisma:
    specifier: ^5.9.1
    version: 5.9.1

packages:

  /@prisma/client@5.9.1(prisma@5.9.1):
    resolution: {integrity: sha512-caSOnG4kxcSkhqC/2ShV7rEoWwd3XrftokxJqOCMVvia4NYV/TPtJlS9C2os3Igxw/Qyxumj9GBQzcStzECvtQ==}
    engines: {node: '>=16.13'}
    requiresBuild: true
    peerDependencies:
      prisma: '*'
    peerDependenciesMeta:
      prisma:
        optional: true
    dependencies:
      prisma: 5.9.1
    dev: false

  /@prisma/debug@5.9.1:
    resolution: {integrity: sha512-yAHFSFCg8KVoL0oRUno3m60GAjsUKYUDkQ+9BA2X2JfVR3kRVSJFc/GpQ2fSORi4pSHZR9orfM4UC9OVXIFFTA==}

  /@prisma/engines-version@5.9.0-32.23fdc5965b1e05fc54e5f26ed3de66776b93de64:
    resolution: {integrity: sha512-HFl7275yF0FWbdcNvcSRbbu9JCBSLMcurYwvWc8WGDnpu7APxQo2ONtZrUggU3WxLxUJ2uBX+0GOFIcJeVeOOQ==}

  /@prisma/engines@5.9.1:
    resolution: {integrity: sha512-gkdXmjxQ5jktxWNdDA5aZZ6R8rH74JkoKq6LD5mACSvxd2vbqWeWIOV0Py5wFC8vofOYShbt6XUeCIUmrOzOnQ==}
    requiresBuild: true
    dependencies:
      '@prisma/debug': 5.9.1
      '@prisma/engines-version': 5.9.0-32.23fdc5965b1e05fc54e5f26ed3de66776b93de64
      '@prisma/fetch-engine': 5.9.1
      '@prisma/get-platform': 5.9.1

  /@prisma/fetch-engine@5.9.1:
    resolution: {integrity: sha512-l0goQOMcNVOJs1kAcwqpKq3ylvkD9F04Ioe1oJoCqmz05mw22bNAKKGWuDd3zTUoUZr97va0c/UfLNru+PDmNA==}
    dependencies:
      '@prisma/debug': 5.9.1
      '@prisma/engines-version': 5.9.0-32.23fdc5965b1e05fc54e5f26ed3de66776b93de64
      '@prisma/get-platform': 5.9.1

  /@prisma/get-platform@5.9.1:
    resolution: {integrity: sha512-6OQsNxTyhvG+T2Ksr8FPFpuPeL4r9u0JF0OZHUBI/Uy9SS43sPyAIutt4ZEAyqWQt104ERh70EZedkHZKsnNbg==}
    dependencies:
      '@prisma/debug': 5.9.1

  /prisma@5.9.1:
    resolution: {integrity: sha512-Hy/8KJZz0ELtkw4FnG9MS9rNWlXcJhf98Z2QMqi0QiVMoS8PzsBkpla0/Y5hTlob8F3HeECYphBjqmBxrluUrQ==}
    engines: {node: '>=16.13'}
    hasBin: true
    requiresBuild: true
    dependencies:
      '@prisma/engines': 5.9.1
